
Microsoft Visual Studio Solution File, Format Version 12.00
# Visual Studio 15
VisualStudioVersion = 15.0.27703.2042
MinimumVisualStudioVersion = 10.0.40219.1
Project("{FAE04EC0-301F-11D3-BF4B-00C04F79EFBC}") = "Angular2Demo", "Angular2Demo\Angular2Demo.csproj", "{19CA1CB7-C640-49D5-9293-8AE1E8FB19ED}"
EndProject
Project("{FAE04EC0-301F-11D3-BF4B-00C04F79EFBC}") = "EmployeeWebAPIService", "EmployeeWebAPIService\EmployeeWebAPIService.csproj", "{189D8C85-31B8-4B11-90FA-BE74B0E971F6}"
EndProject
Global
	GlobalSection(SolutionConfigurationPlatforms) = preSolution
		Debug|Any CPU = Debug|Any CPU
		Release|Any CPU = Release|Any CPU
	EndGlobalSection
	GlobalSection(ProjectConfigurationPlatforms) = postSolution
		{19CA1CB7-C640-49D5-9293-8AE1E8FB19ED}.Debug|Any CPU.ActiveCfg = Debug|Any CPU
		{19CA1CB7-C640-49D5-9293-8AE1E8FB19ED}.Debug|Any CPU.Build.0 = Debug|Any CPU
		{19CA1CB7-C640-49D5-9293-8AE1E8FB19ED}.Release|Any CPU.ActiveCfg = Release|Any CPU
		{19CA1CB7-C640-49D5-9293-8AE1E8FB19ED}.Release|Any CPU.Build.0 = Release|Any CPU
		{189D8C85-31B8-4B11-90FA-BE74B0E971F6}.Debug|Any CPU.ActiveCfg = Debug|Any CPU
		{189D8C85-31B8-4B11-90FA-BE74B0E971F6}.Debug|Any CPU.Build.0 = Debug|Any CPU
		{189D8C85-31B8-4B11-90FA-BE74B0E971F6}.Release|Any CPU.ActiveCfg = Release|Any CPU
		{189D8C85-31B8-4B11-90FA-BE74B0E971F6}.Release|Any CPU.Build.0 = Release|Any CPU
	EndGlobalSection
	GlobalSection(SolutionProperties) = preSolution
		HideSolutionNode = FALSE
	EndGlobalSection
	GlobalSection(ExtensibilityGlobals) = postSolution
		SolutionGuid = {AB77576B-EEB7-4E71-9468-2EB5B000AFCE}
	EndGlobalSection
EndGlobal
